
Microsoft Visual Studio Solution File, Format Version 12.00
# Visual Studio Version 17
VisualStudioVersion = 17.0.31919.166
MinimumVisualStudioVersion = 10.0.40219.1
Project("{FAE04EC0-301F-11D3-BF4B-00C04F79EFBC}") = "SampleAppService", "SampleAppService\SampleAppService.csproj", "{BA5C794C-3072-40D2-9281-276EE3A23ACB}"
EndProject
Global
	GlobalSection(SolutionConfigurationPlatforms) = preSolution
		Debug|Any CPU = Debug|Any CPU
		Release|Any CPU = Release|Any CPU
	EndGlobalSection
	GlobalSection(ProjectConfigurationPlatforms) = postSolution
		{BA5C794C-3072-40D2-9281-276EE3A23ACB}.Debug|Any CPU.ActiveCfg = Debug|Any CPU
		{BA5C794C-3072-40D2-9281-276EE3A23ACB}.Debug|Any CPU.Build.0 = Debug|Any CPU
		{BA5C794C-3072-40D2-9281-276EE3A23ACB}.Release|Any CPU.ActiveCfg = Release|Any CPU
		{BA5C794C-3072-40D2-9281-276EE3A23ACB}.Release|Any CPU.Build.0 = Release|Any CPU
	EndGlobalSection
	GlobalSection(SolutionProperties) = preSolution
		HideSolutionNode = FALSE
	EndGlobalSection
	GlobalSection(ExtensibilityGlobals) = postSolution
		SolutionGuid = {813EA30C-6612-40B8-B1EA-9BE49D788759}
	EndGlobalSection
EndGlobal
